// !$*UTF8*$!
{
	archiveVersion = 1;
	classes = {
	};
	objectVersion = 50;
	objects = {

/* Begin PBXBuildFile section */
		B0200BBA2557A98900301E27 /* SpeechManager.swift in Sources */ = {isa = PBXBuildFile; fileRef = B0200BB92557A98900301E27 /* SpeechManager.swift */; };
		B0200BBD2557B1C000301E27 /* Model.xcdatamodeld in Sources */ = {isa = PBXBuildFile; fileRef = B0200BBB2557B1C000301E27 /* Model.xcdatamodeld */; };
		B0200BC22557C8AC00301E27 /* Persistence.swift in Sources */ = {isa = PBXBuildFile; fileRef = B0200BC12557C8AC00301E27 /* Persistence.swift */; };
		B0200BC52557CCB900301E27 /* MicManager.swift in Sources */ = {isa = PBXBuildFile; fileRef = B0200BC42557CCB900301E27 /* MicManager.swift */; };
		B0E670BF2557549700D712E3 /* AppDelegate.swift in Sources */ = {isa = PBXBuildFile; fileRef = B0E670BE2557549700D712E3 /* AppDelegate.swift */; };
		B0E670C12557549700D712E3 /* SceneDelegate.swift in Sources */ = {isa = PBXBuildFile; fileRef = B0E670C02557549700D712E3 /* SceneDelegate.swift */; };
		B0E670C32557549700D712E3 /* ContentView.swift in Sources */ = {isa = PBXBuildFile; fileRef = B0E670C22557549700D712E3 /* ContentView.swift */; };
		B0E670C52557549B00D712E3 /* Assets.xcassets in Resources */ = {isa = PBXBuildFile; fileRef = B0E670C42557549B00D712E3 /* Assets.xcassets */; };
		B0E670C82557549B00D712E3 /* Preview Assets.xcassets in Resources */ = {isa = PBXBuildFile; fileRef = B0E670C72557549B00D712E3 /* Preview Assets.xcassets */; };
		B0E670CB2557549B00D712E3 /* LaunchScreen.storyboard in Resources */ = {isa = PBXBuildFile; fileRef = B0E670C92557549B00D712E3 /* LaunchScreen.storyboard */; };
		B0E670D62557549B00D712E3 /* LE2Tests.swift in Sources */ = {isa = PBXBuildFile; fileRef = B0E670D52557549B00D712E3 /* LE2Tests.swift */; };
		B0E670E12557549B00D712E3 /* LE2UITests.swift in Sources */ = {isa = PBXBuildFile; fileRef = B0E670E02557549B00D712E3 /* LE2UITests.swift */; };
/* End PBXBuildFile section */

/* Begin PBXContainerItemProxy section */
		B0E670D22557549B00D712E3 /* PBXContainerItemProxy */ = {
			isa = PBXContainerItemProxy;
			containerPortal = B0E670B32557549700D712E3 /* Project object */;
			proxyType = 1;
			remoteGlobalIDString = B0E670BA2557549700D712E3;
			remoteInfo = LE2;
		};
		B0E670DD2557549B00D712E3 /* PBXContainerItemProxy */ = {
			isa = PBXContainerItemProxy;
			containerPortal = B0E670B32557549700D712E3 /* Project object */;
			proxyType = 1;
			remoteGlobalIDString = B0E670BA2557549700D712E3;
			remoteInfo = LE2;
		};
/* End PBXContainerItemProxy section */

/* Begin PBXFileReference section */
		B0200BB92557A98900301E27 /* SpeechManager.swift */ = {isa = PBXFileReference; lastKnownFileType = sourcecode.swift; path = SpeechManager.swift; sourceTree = "<group>"; };
		B0200BBC2557B1C000301E27 /* Model.xcdatamodel */ = {isa = PBXFileReference; lastKnownFileType = wrapper.xcdatamodel; path = Model.xcdatamodel; sourceTree = "<group>"; };
		B0200BC12557C8AC00301E27 /* Persistence.swift */ = {isa = PBXFileReference; lastKnownFileType = sourcecode.swift; path = Persistence.swift; sourceTree = "<group>"; };
		B0200BC42557CCB900301E27 /* MicManager.swift */ = {isa = PBXFileReference; lastKnownFileType = sourcecode.swift; path = MicManager.swift; sourceTree = "<group>"; };
		B0E670BB2557549700D712E3 /* LE2.app */ = {isa = PBXFileReference; explicitFileType = wrapper.application; includeInIndex = 0; path = LE2.app; sourceTree = BUILT_PRODUCTS_DIR; };
		B0E670BE2557549700D712E3 /* AppDelegate.swift */ = {isa = PBXFileReference; lastKnownFileType = sourcecode.swift; path = AppDelegate.swift; sourceTree = "<group>"; };
		B0E670C02557549700D712E3 /* SceneDelegate.swift */ = {isa = PBXFileReference; lastKnownFileType = sourcecode.swift; path = SceneDelegate.swift; sourceTree = "<group>"; };
		B0E670C22557549700D712E3 /* ContentView.swift */ = {isa = PBXFileReference; lastKnownFileType = sourcecode.swift; path = ContentView.swift; sourceTree = "<group>"; };
		B0E670C42557549B00D712E3 /* Assets.xcassets */ = {isa = PBXFileReference; lastKnownFileType = folder.assetcatalog; path = Assets.xcassets; sourceTree = "<group>"; };
		B0E670C72557549B00D712E3 /* Preview Assets.xcassets */ = {isa = PBXFileReference; lastKnownFileType = folder.assetcatalog; path = "Preview Assets.xcassets"; sourceTree = "<group>"; };
		B0E670CA2557549B00D712E3 /* Base */ = {isa = PBXFileReference; lastKnownFileType = file.storyboard; name = Base; path = Base.lproj/LaunchScreen.storyboard; sourceTree = "<group>"; };
		B0E670CC2557549B00D712E3 /* Info.plist */ = {isa = PBXFileReference; lastKnownFileType = text.plist.xml; path = Info.plist; sourceTree = "<group>"; };
		B0E670D12557549B00D712E3 /* LE2Tests.xctest */ = {isa = PBXFileReference; explicitFileType = wrapper.cfbundle; includeInIndex = 0; path = LE2Tests.xctest; sourceTree = BUILT_PRODUCTS_DIR; };
		B0E670D52557549B00D712E3 /* LE2Tests.swift */ = {isa = PBXFileReference; lastKnownFileType = sourcecode.swift; path = LE2Tests.swift; sourceTree = "<group>"; };
		B0E670D72557549B00D712E3 /* Info.plist */ = {isa = PBXFileReference; lastKnownFileType = text.plist.xml; path = Info.plist; sourceTree = "<group>"; };
		B0E670DC2557549B00D712E3 /* LE2UITests.xctest */ = {isa = PBXFileReference; explicitFileType = wrapper.cfbundle; includeInIndex = 0; path = LE2UITests.xctest; sourceTree = BUILT_PRODUCTS_DIR; };
		B0E670E02557549B00D712E3 /* LE2UITests.swift */ = {isa = PBXFileReference; lastKnownFileType = sourcecode.swift; path = LE2UITests.swift; sourceTree = "<group>"; };
		B0E670E22557549B00D712E3 /* Info.plist */ = {isa = PBXFileReference; lastKnownFileType = text.plist.xml; path = Info.plist; sourceTree = "<group>"; };
/* End PBXFileReference section */

/* Begin PBXFrameworksBuildPhase section */
		B0E670B82557549700D712E3 /* Frameworks */ = {
			isa = PBXFrameworksBuildPhase;
			buildActionMask = 2147483647;
			files = (
			);
			runOnlyForDeploymentPostprocessing = 0;
		};
		B0E670CE2557549B00D712E3 /* Frameworks */ = {
			isa = PBXFrameworksBuildPhase;
			buildActionMask = 2147483647;
			files = (
			);
			runOnlyForDeploymentPostprocessing = 0;
		};
		B0E670D92557549B00D712E3 /* Frameworks */ = {
			isa = PBXFrameworksBuildPhase;
			buildActionMask = 2147483647;
			files = (
			);
			runOnlyForDeploymentPostprocessing = 0;
		};
/* End PBXFrameworksBuildPhase section */

/* Begin PBXGroup section */
		B0200BBE2557B29000301E27 /* App */ = {
			isa = PBXGroup;
			children = (
			);
			path = App;
			sourceTree = "<group>";
		};
		B0200BBF2557B30600301E27 /* View */ = {
			isa = PBXGroup;
			children = (
				B0E670C22557549700D712E3 /* ContentView.swift */,
			);
			path = View;
			sourceTree = "<group>";
		};
		B0200BC02557B32F00301E27 /* Persistence */ = {
			isa = PBXGroup;
			children = (
				B0200BBB2557B1C000301E27 /* Model.xcdatamodeld */,
				B0200BC12557C8AC00301E27 /* Persistence.swift */,
			);
			path = Persistence;
			sourceTree = "<group>";
		};
		B0200BC32557CCA700301E27 /* Visual */ = {
			isa = PBXGroup;
			children = (
				B0200BC42557CCB900301E27 /* MicManager.swift */,
			);
			path = Visual;
			sourceTree = "<group>";
		};
		B0E670B22557549700D712E3 = {
			isa = PBXGroup;
			children = (
				B0E670BD2557549700D712E3 /* LE2 */,
				B0E670D42557549B00D712E3 /* LE2Tests */,
				B0E670DF2557549B00D712E3 /* LE2UITests */,
				B0E670BC2557549700D712E3 /* Products */,
			);
			sourceTree = "<group>";
		};
		B0E670BC2557549700D712E3 /* Products */ = {
			isa = PBXGroup;
			children = (
				B0E670BB2557549700D712E3 /* LE2.app */,
				B0E670D12557549B00D712E3 /* LE2Tests.xctest */,
				B0E670DC2557549B00D712E3 /* LE2UITests.xctest */,
			);
			name = Products;
			sourceTree = "<group>";
		};
		B0E670BD2557549700D712E3 /* LE2 */ = {
			isa = PBXGroup;
			children = (
				B0200BC32557CCA700301E27 /* Visual */,
				B0200BC02557B32F00301E27 /* Persistence */,
				B0200BBF2557B30600301E27 /* View */,
				B0200BBE2557B29000301E27 /* App */,
				B0E670BE2557549700D712E3 /* AppDelegate.swift */,
				B0E670CC2557549B00D712E3 /* Info.plist */,
				B0E670C42557549B00D712E3 /* Assets.xcassets */,
				B0E670C02557549700D712E3 /* SceneDelegate.swift */,
				B0E670C92557549B00D712E3 /* LaunchScreen.storyboard */,
				B0200BB92557A98900301E27 /* SpeechManager.swift */,
				B0E670C62557549B00D712E3 /* Preview Content */,
			);
			path = LE2;
			sourceTree = "<group>";
		};
		B0E670C62557549B00D712E3 /* Preview Content */ = {
			isa = PBXGroup;
			children = (
				B0E670C72557549B00D712E3 /* Preview Assets.xcassets */,
			);
			path = "Preview Content";
			sourceTree = "<group>";
		};
		B0E670D42557549B00D712E3 /* LE2Tests */ = {
			isa = PBXGroup;
			children = (
				B0E670D52557549B00D712E3 /* LE2Tests.swift */,
				B0E670D72557549B00D712E3 /* Info.plist */,
			);
			path = LE2Tests;
			sourceTree = "<group>";
		};
		B0E670DF2557549B00D712E3 /* LE2UITests */ = {
			isa = PBXGroup;
			children = (
				B0E670E02557549B00D712E3 /* LE2UITests.swift */,
				B0E670E22557549B00D712E3 /* Info.plist */,
			);
			path = LE2UITests;
			sourceTree = "<group>";
		};
/* End PBXGroup section */

/* Begin PBXNativeTarget section */
		B0E670BA2557549700D712E3 /* LE2 */ = {
			isa = PBXNativeTarget;
			buildConfigurationList = B0E670E52557549B00D712E3 /* Build configuration list for PBXNativeTarget "LE2" */;
			buildPhases = (
				B0E670B72557549700D712E3 /* Sources */,
				B0E670B82557549700D712E3 /* Frameworks */,
				B0E670B92557549700D712E3 /* Resources */,
			);
			buildRules = (
			);
			dependencies = (
			);
			name = LE2;
			productName = LE2;
			productReference = B0E670BB2557549700D712E3 /* LE2.app */;
			productType = "com.apple.product-type.application";
		};
		B0E670D02557549B00D712E3 /* LE2Tests */ = {
			isa = PBXNativeTarget;
			buildConfigurationList = B0E670E82557549B00D712E3 /* Build configuration list for PBXNativeTarget "LE2Tests" */;
			buildPhases = (
				B0E670CD2557549B00D712E3 /* Sources */,
				B0E670CE2557549B00D712E3 /* Frameworks */,
				B0E670CF2557549B00D712E3 /* Resources */,
			);
			buildRules = (
			);
			dependencies = (
				B0E670D32557549B00D712E3 /* PBXTargetDependency */,
			);
			name = LE2Tests;
			productName = LE2Tests;
			productReference = B0E670D12557549B00D712E3 /* LE2Tests.xctest */;
			productType = "com.apple.product-type.bundle.unit-test";
		};
		B0E670DB2557549B00D712E3 /* LE2UITests */ = {
			isa = PBXNativeTarget;
			buildConfigurationList = B0E670EB2557549B00D712E3 /* Build configuration list for PBXNativeTarget "LE2UITests" */;
			buildPhases = (
				B0E670D82557549B00D712E3 /* Sources */,
				B0E670D92557549B00D712E3 /* Frameworks */,
				B0E670DA2557549B00D712E3 /* Resources */,
			);
			buildRules = (
			);
			dependencies = (
				B0E670DE2557549B00D712E3 /* PBXTargetDependency */,
			);
			name = LE2UITests;
			productName = LE2UITests;
			productReference = B0E670DC2557549B00D712E3 /* LE2UITests.xctest */;
			productType = "com.apple.product-type.bundle.ui-testing";
		};
/* End PBXNativeTarget section */

/* Begin PBXProject section */
		B0E670B32557549700D712E3 /* Project object */ = {
			isa = PBXProject;
			attributes = {
				LastSwiftUpdateCheck = 1130;
				LastUpgradeCheck = 1130;
				ORGANIZATIONNAME = BeverlyAb;
				TargetAttributes = {
					B0E670BA2557549700D712E3 = {
						CreatedOnToolsVersion = 11.3.1;
					};
					B0E670D02557549B00D712E3 = {
						CreatedOnToolsVersion = 11.3.1;
						TestTargetID = B0E670BA2557549700D712E3;
					};
					B0E670DB2557549B00D712E3 = {
						CreatedOnToolsVersion = 11.3.1;
						TestTargetID = B0E670BA2557549700D712E3;
					};
				};
			};
			buildConfigurationList = B0E670B62557549700D712E3 /* Build configuration list for PBXProject "LE2" */;
			compatibilityVersion = "Xcode 9.3";
			developmentRegion = en;
			hasScannedForEncodings = 0;
			knownRegions = (
				en,
				Base,
			);
			mainGroup = B0E670B22557549700D712E3;
			productRefGroup = B0E670BC2557549700D712E3 /* Products */;
			projectDirPath = "";
			projectRoot = "";
			targets = (
				B0E670BA2557549700D712E3 /* LE2 */,
				B0E670D02557549B00D712E3 /* LE2Tests */,
				B0E670DB2557549B00D712E3 /* LE2UITests */,
			);
		};
/* End PBXProject section */

/* Begin PBXResourcesBuildPhase section */
		B0E670B92557549700D712E3 /* Resources */ = {
			isa = PBXResourcesBuildPhase;
			buildActionMask = 2147483647;
			files = (
				B0E670CB2557549B00D712E3 /* LaunchScreen.storyboard in Resources */,
				B0E670C82557549B00D712E3 /* Preview Assets.xcassets in Resources */,
				B0E670C52557549B00D712E3 /* Assets.xcassets in Resources */,
			);
			runOnlyForDeploymentPostprocessing = 0;
		};
		B0E670CF2557549B00D712E3 /* Resources */ = {
			isa = PBXResourcesBuildPhase;
			buildActionMask = 2147483647;
			files = (
			);
			runOnlyForDeploymentPostprocessing = 0;
		};
		B0E670DA2557549B00D712E3 /* Resources */ = {
			isa = PBXResourcesBuildPhase;
			buildActionMask = 2147483647;
			files = (
			);
			runOnlyForDeploymentPostprocessing = 0;
		};
/* End PBXResourcesBuildPhase section */

/* Begin PBXSourcesBuildPhase section */
		B0E670B72557549700D712E3 /* Sources */ = {
			isa = PBXSourcesBuildPhase;
			buildActionMask = 2147483647;
			files = (
				B0E670BF2557549700D712E3 /* AppDelegate.swift in Sources */,
				B0200BBA2557A98900301E27 /* SpeechManager.swift in Sources */,
				B0200BBD2557B1C000301E27 /* Model.xcdatamodeld in Sources */,
				B0200BC22557C8AC00301E27 /* Persistence.swift in Sources */,
				B0200BC52557CCB900301E27 /* MicManager.swift in Sources */,
				B0E670C12557549700D712E3 /* SceneDelegate.swift in Sources */,
				B0E670C32557549700D712E3 /* ContentView.swift in Sources */,
			);
			runOnlyForDeploymentPostprocessing = 0;
		};
		B0E670CD2557549B00D712E3 /* Sources */ = {
			isa = PBXSourcesBuildPhase;
			buildActionMask = 2147483647;
			files = (
				B0E670D62557549B00D712E3 /* LE2Tests.swift in Sources */,
			);
			runOnlyForDeploymentPostprocessing = 0;
		};
		B0E670D82557549B00D712E3 /* Sources */ = {
			isa = PBXSourcesBuildPhase;
			buildActionMask = 2147483647;
			files = (
				B0E670E12557549B00D712E3 /* LE2UITests.swift in Sources */,
			);
			runOnlyForDeploymentPostprocessing = 0;
		};
/* End PBXSourcesBuildPhase section */

/* Begin PBXTargetDependency section */
		B0E670D32557549B00D712E3 /* PBXTargetDependency */ = {
			isa = PBXTargetDependency;
			target = B0E670BA2557549700D712E3 /* LE2 */;
			targetProxy = B0E670D22557549B00D712E3 /* PBXContainerItemProxy */;
		};
		B0E670DE2557549B00D712E3 /* PBXTargetDependency */ = {
			isa = PBXTargetDependency;
			target = B0E670BA2557549700D712E3 /* LE2 */;
			targetProxy = B0E670DD2557549B00D712E3 /* PBXContainerItemProxy */;
		};
/* End PBXTargetDependency section */

/* Begin PBXVariantGroup section */
		B0E670C92557549B00D712E3 /* LaunchScreen.storyboard */ = {
			isa = PBXVariantGroup;
			children = (
				B0E670CA2557549B00D712E3 /* Base */,
			);
			name = LaunchScreen.storyboard;
			sourceTree = "<group>";
		};
/* End PBXVariantGroup section */

/* Begin XCBuildConfiguration section */
		B0E670E32557549B00D712E3 /* Debug */ = {
			isa = XCBuildConfiguration;
			buildSettings = {
				ALWAYS_SEARCH_USER_PATHS = NO;
				CLANG_ANALYZER_NONNULL = YES;
				CLANG_ANALYZER_NUMBER_OBJECT_CONVERSION = YES_AGGRESSIVE;
				CLANG_CXX_LANGUAGE_STANDARD = "gnu++14";
				CLANG_CXX_LIBRARY = "libc++";
				CLANG_ENABLE_MODULES = YES;
				CLANG_ENABLE_OBJC_ARC = YES;
				CLANG_ENABLE_OBJC_WEAK = YES;
				CLANG_WARN_BLOCK_CAPTURE_AUTORELEASING = YES;
				CLANG_WARN_BOOL_CONVERSION = YES;
				CLANG_WARN_COMMA = YES;
				CLANG_WARN_CONSTANT_CONVERSION = YES;
				CLANG_WARN_DEPRECATED_OBJC_IMPLEMENTATIONS = YES;
				CLANG_WARN_DIRECT_OBJC_ISA_USAGE = YES_ERROR;
				CLANG_WARN_DOCUMENTATION_COMMENTS = YES;
				CLANG_WARN_EMPTY_BODY = YES;
				CLANG_WARN_ENUM_CONVERSION = YES;
				CLANG_WARN_INFINITE_RECURSION = YES;
				CLANG_WARN_INT_CONVERSION = YES;
				CLANG_WARN_NON_LITERAL_NULL_CONVERSION = YES;
				CLANG_WARN_OBJC_IMPLICIT_RETAIN_SELF = YES;
				CLANG_WARN_OBJC_LITERAL_CONVERSION = YES;
				CLANG_WARN_OBJC_ROOT_CLASS = YES_ERROR;
				CLANG_WARN_RANGE_LOOP_ANALYSIS = YES;
				CLANG_WARN_STRICT_PROTOTYPES = YES;
				CLANG_WARN_SUSPICIOUS_MOVE = YES;
				CLANG_WARN_UNGUARDED_AVAILABILITY = YES_AGGRESSIVE;
				CLANG_WARN_UNREACHABLE_CODE = YES;
				CLANG_WARN__DUPLICATE_METHOD_MATCH = YES;
				COPY_PHASE_STRIP = NO;
				DEBUG_INFORMATION_FORMAT = dwarf;
				ENABLE_STRICT_OBJC_MSGSEND = YES;
				ENABLE_TESTABILITY = YES;
				GCC_C_LANGUAGE_STANDARD = gnu11;
				GCC_DYNAMIC_NO_PIC = NO;
				GCC_NO_COMMON_BLOCKS = YES;
				GCC_OPTIMIZATION_LEVEL = 0;
				GCC_PREPROCESSOR_DEFINITIONS = (
					"DEBUG=1",
					"$(inherited)",
				);
				GCC_WARN_64_TO_32_BIT_CONVERSION = YES;
				GCC_WARN_ABOUT_RETURN_TYPE = YES_ERROR;
				GCC_WARN_UNDECLARED_SELECTOR = YES;
				GCC_WARN_UNINITIALIZED_AUTOS = YES_AGGRESSIVE;
				GCC_WARN_UNUSED_FUNCTION = YES;
				GCC_WARN_UNUSED_VARIABLE = YES;
				IPHONEOS_DEPLOYMENT_TARGET = 13.2;
				MTL_ENABLE_DEBUG_INFO = INCLUDE_SOURCE;
				MTL_FAST_MATH = YES;
				ONLY_ACTIVE_ARCH = YES;
				SDKROOT = iphoneos;
				SWIFT_ACTIVE_COMPILATION_CONDITIONS = DEBUG;
				SWIFT_OPTIMIZATION_LEVEL = "-Onone";
			};
			name = Debug;
		};
		B0E670E42557549B00D712E3 /* Release */ = {
			isa = XCBuildConfiguration;
			buildSettings = {
				ALWAYS_SEARCH_USER_PATHS = NO;
				CLANG_ANALYZER_NONNULL = YES;
				CLANG_ANALYZER_NUMBER_OBJECT_CONVERSION = YES_AGGRESSIVE;
				CLANG_CXX_LANGUAGE_STANDARD = "gnu++14";
				CLANG_CXX_LIBRARY = "libc++";
				CLANG_ENABLE_MODULES = YES;
				CLANG_ENABLE_OBJC_ARC = YES;
				CLANG_ENABLE_OBJC_WEAK = YES;
				CLANG_WARN_BLOCK_CAPTURE_AUTORELEASING = YES;
				CLANG_WARN_BOOL_CONVERSION = YES;
				CLANG_WARN_COMMA = YES;
				CLANG_WARN_CONSTANT_CONVERSION = YES;
				CLANG_WARN_DEPRECATED_OBJC_IMPLEMENTATIONS = YES;
				CLANG_WARN_DIRECT_OBJC_ISA_USAGE = YES_ERROR;
				CLANG_WARN_DOCUMENTATION_COMMENTS = YES;
				CLANG_WARN_EMPTY_BODY = YES;
				CLANG_WARN_ENUM_CONVERSION = YES;
				CLANG_WARN_INFINITE_RECURSION = YES;
				CLANG_WARN_INT_CONVERSION = YES;
				CLANG_WARN_NON_LITERAL_NULL_CONVERSION = YES;
				CLANG_WARN_OBJC_IMPLICIT_RETAIN_SELF = YES;
				CLANG_WARN_OBJC_LITERAL_CONVERSION = YES;
				CLANG_WARN_OBJC_ROOT_CLASS = YES_ERROR;
				CLANG_WARN_RANGE_LOOP_ANALYSIS = YES;
				CLANG_WARN_STRICT_PROTOTYPES = YES;
				CLANG_WARN_SUSPICIOUS_MOVE = YES;
				CLANG_WARN_UNGUARDED_AVAILABILITY = YES_AGGRESSIVE;
				CLANG_WARN_UNREACHABLE_CODE = YES;
				CLANG_WARN__DUPLICATE_METHOD_MATCH = YES;
				COPY_PHASE_STRIP = NO;
				DEBUG_INFORMATION_FORMAT = "dwarf-with-dsym";
				ENABLE_NS_ASSERTIONS = NO;
				ENABLE_STRICT_OBJC_MSGSEND = YES;
				GCC_C_LANGUAGE_STANDARD = gnu11;
				GCC_NO_COMMON_BLOCKS = YES;
				GCC_WARN_64_TO_32_BIT_CONVERSION = YES;
				GCC_WARN_ABOUT_RETURN_TYPE = YES_ERROR;
				GCC_WARN_UNDECLARED_SELECTOR = YES;
				GCC_WARN_UNINITIALIZED_AUTOS = YES_AGGRESSIVE;
				GCC_WARN_UNUSED_FUNCTION = YES;
				GCC_WARN_UNUSED_VARIABLE = YES;
				IPHONEOS_DEPLOYMENT_TARGET = 13.2;
				MTL_ENABLE_DEBUG_INFO = NO;
				MTL_FAST_MATH = YES;
				SDKROOT = iphoneos;
				SWIFT_COMPILATION_MODE = wholemodule;
				SWIFT_OPTIMIZATION_LEVEL = "-O";
				VALIDATE_PRODUCT = YES;
			};
			name = Release;
		};
		B0E670E62557549B00D712E3 /* Debug */ = {
			isa = XCBuildConfiguration;
			buildSettings = {
				ASSETCATALOG_COMPILER_APPICON_NAME = AppIcon;
				CODE_SIGN_STYLE = Automatic;
				DEVELOPMENT_ASSET_PATHS = "\"LE2/Preview Content\"";
				ENABLE_PREVIEWS = YES;
				INFOPLIST_FILE = LE2/Info.plist;
				LD_RUNPATH_SEARCH_PATHS = (
					"$(inherited)",
					"@executable_path/Frameworks",
				);
				PRODUCT_BUNDLE_IDENTIFIER = "TR-rev1.LE2";
				PRODUCT_NAME = "$(TARGET_NAME)";
				SWIFT_VERSION = 5.0;
				TARGETED_DEVICE_FAMILY = "1,2";
			};
			name = Debug;
		};
		B0E670E72557549B00D712E3 /* Release */ = {
			isa = XCBuildConfiguration;
			buildSettings = {
				ASSETCATALOG_COMPILER_APPICON_NAME = AppIcon;
				CODE_SIGN_STYLE = Automatic;
				DEVELOPMENT_ASSET_PATHS = "\"LE2/Preview Content\"";
				ENABLE_PREVIEWS = YES;
				INFOPLIST_FILE = LE2/Info.plist;
				LD_RUNPATH_SEARCH_PATHS = (
					"$(inherited)",
					"@executable_path/Frameworks",
				);
				PRODUCT_BUNDLE_IDENTIFIER = "TR-rev1.LE2";
				PRODUCT_NAME = "$(TARGET_NAME)";
				SWIFT_VERSION = 5.0;
				TARGETED_DEVICE_FAMILY = "1,2";
			};
			name = Release;
		};
		B0E670E92557549B00D712E3 /* Debug */ = {
			isa = XCBuildConfiguration;
			buildSettings = {
				ALWAYS_EMBED_SWIFT_STANDARD_LIBRARIES = YES;
				BUNDLE_LOADER = "$(TEST_HOST)";
				CODE_SIGN_STYLE = Automatic;
				INFOPLIST_FILE = LE2Tests/Info.plist;
				IPHONEOS_DEPLOYMENT_TARGET = 13.2;
				LD_RUNPATH_SEARCH_PATHS = (
					"$(inherited)",
					"@executable_path/Frameworks",
					"@loader_path/Frameworks",
				);
				PRODUCT_BUNDLE_IDENTIFIER = "TR-rev1.LE2Tests";
				PRODUCT_NAME = "$(TARGET_NAME)";
				SWIFT_VERSION = 5.0;
				TARGETED_DEVICE_FAMILY = "1,2";
				TEST_HOST = "$(BUILT_PRODUCTS_DIR)/LE2.app/LE2";
			};
			name = Debug;
		};
		B0E670EA2557549B00D712E3 /* Release */ = {
			isa = XCBuildConfiguration;
			buildSettings = {
				ALWAYS_EMBED_SWIFT_STANDARD_LIBRARIES = YES;
				BUNDLE_LOADER = "$(TEST_HOST)";
				CODE_SIGN_STYLE = Automatic;
				INFOPLIST_FILE = LE2Tests/Info.plist;
				IPHONEOS_DEPLOYMENT_TARGET = 13.2;
				LD_RUNPATH_SEARCH_PATHS = (
					"$(inherited)",
					"@executable_path/Frameworks",
					"@loader_path/Frameworks",
				);
				PRODUCT_BUNDLE_IDENTIFIER = "TR-rev1.LE2Tests";
				PRODUCT_NAME = "$(TARGET_NAME)";
				SWIFT_VERSION = 5.0;
				TARGETED_DEVICE_FAMILY = "1,2";
				TEST_HOST = "$(BUILT_PRODUCTS_DIR)/LE2.app/LE2";
			};
			name = Release;
		};
		B0E670EC2557549B00D712E3 /* Debug */ = {
			isa = XCBuildConfiguration;
			buildSettings = {
				ALWAYS_EMBED_SWIFT_STANDARD_LIBRARIES = YES;
				CODE_SIGN_STYLE = Automatic;
				INFOPLIST_FILE = LE2UITests/Info.plist;
				LD_RUNPATH_SEARCH_PATHS = (
					"$(inherited)",
					"@executable_path/Frameworks",
					"@loader_path/Frameworks",
				);
				PRODUCT_BUNDLE_IDENTIFIER = "TR-rev1.LE2UITests";
				PRODUCT_NAME = "$(TARGET_NAME)";
				SWIFT_VERSION = 5.0;
				TARGETED_DEVICE_FAMILY = "1,2";
				TEST_TARGET_NAME = LE2;
			};
			name = Debug;
		};
		B0E670ED2557549B00D712E3 /* Release */ = {
			isa = XCBuildConfiguration;
			buildSettings = {
				ALWAYS_EMBED_SWIFT_STANDARD_LIBRARIES = YES;
				CODE_SIGN_STYLE = Automatic;
				INFOPLIST_FILE = LE2UITests/Info.plist;
				LD_RUNPATH_SEARCH_PATHS = (
					"$(inherited)",
					"@executable_path/Frameworks",
					"@loader_path/Frameworks",
				);
				PRODUCT_BUNDLE_IDENTIFIER = "TR-rev1.LE2UITests";
				PRODUCT_NAME = "$(TARGET_NAME)";
				SWIFT_VERSION = 5.0;
				TARGETED_DEVICE_FAMILY = "1,2";
				TEST_TARGET_NAME = LE2;
			};
			name = Release;
		};
/* End XCBuildConfiguration section */

/* Begin XCConfigurationList section */
		B0E670B62557549700D712E3 /* Build configuration list for PBXProject "LE2" */ = {
			isa = XCConfigurationList;
			buildConfigurations = (
				B0E670E32557549B00D712E3 /* Debug */,
				B0E670E42557549B00D712E3 /* Release */,
			);
			defaultConfigurationIsVisible = 0;
			defaultConfigurationName = Release;
		};
		B0E670E52557549B00D712E3 /* Build configuration list for PBXNativeTarget "LE2" */ = {
			isa = XCConfigurationList;
			buildConfigurations = (
				B0E670E62557549B00D712E3 /* Debug */,
				B0E670E72557549B00D712E3 /* Release */,
			);
			defaultConfigurationIsVisible = 0;
			defaultConfigurationName = Release;
		};
		B0E670E82557549B00D712E3 /* Build configuration list for PBXNativeTarget "LE2Tests" */ = {
			isa = XCConfigurationList;
			buildConfigurations = (
				B0E670E92557549B00D712E3 /* Debug */,
				B0E670EA2557549B00D712E3 /* Release */,
			);
			defaultConfigurationIsVisible = 0;
			defaultConfigurationName = Release;
		};
		B0E670EB2557549B00D712E3 /* Build configuration list for PBXNativeTarget "LE2UITests" */ = {
			isa = XCConfigurationList;
			buildConfigurations = (
				B0E670EC2557549B00D712E3 /* Debug */,
				B0E670ED2557549B00D712E3 /* Release */,
			);
			defaultConfigurationIsVisible = 0;
			defaultConfigurationName = Release;
		};
/* End XCConfigurationList section */

/* Begin XCVersionGroup section */
		B0200BBB2557B1C000301E27 /* Model.xcdatamodeld */ = {
			isa = XCVersionGroup;
			children = (
				B0200BBC2557B1C000301E27 /* Model.xcdatamodel */,
			);
			currentVersion = B0200BBC2557B1C000301E27 /* Model.xcdatamodel */;
			path = Model.xcdatamodeld;
			sourceTree = "<group>";
			versionGroupType = wrapper.xcdatamodel;
		};
/* End XCVersionGroup section */
	};
	rootObject = B0E670B32557549700D712E3 /* Project object */;
}
